{
  "requires": true,
  "lockfileVersion": 1,
  "dependencies": {
    "gojs": {
      "version": "2.1.0",
      "resolved": "https://registry.npmjs.org/gojs/-/gojs-2.1.0.tgz",
      "integrity": "sha512-yKEtjRB3/MJo1MzXnvA9vJgN/DujqR6Lq2eQ/7g6BOTMv7qK+WPKfhltdMza0PRemFNy+sk7R7iH+tqmUMzutg=="
    }
  }
}
